
Microsoft Visual Studio Solution File, Format Version 12.00
# Visual Studio Version 16
VisualStudioVersion = 16.0.31019.35
MinimumVisualStudioVersion = 10.0.40219.1
Project("{FAE04EC0-301F-11D3-BF4B-00C04F79EFBC}") = "WebApplicationMvc", "WebApplicationMvc\WebApplicationMvc.csproj", "{375AF789-A576-4A13-B9ED-5B2B30940928}"
EndProject
Project("{FAE04EC0-301F-11D3-BF4B-00C04F79EFBC}") = "CommonInvoice", "CommonInvoice\CommonInvoice.csproj", "{B21A5ADB-C472-4ED7-B80B-A84D4F2A8E7B}"
EndProject
Project("{FAE04EC0-301F-11D3-BF4B-00C04F79EFBC}") = "TestCommonInvoice", "TestCommonInvoice\TestCommonInvoice.csproj", "{80EC80A0-6F6C-4514-96E8-CDB31F32B81D}"
EndProject
Global
	GlobalSection(SolutionConfigurationPlatforms) = preSolution
		Debug|Any CPU = Debug|Any CPU
		Release|Any CPU = Release|Any CPU
	EndGlobalSection
	GlobalSection(ProjectConfigurationPlatforms) = postSolution
		{375AF789-A576-4A13-B9ED-5B2B30940928}.Debug|Any CPU.ActiveCfg = Debug|Any CPU
		{375AF789-A576-4A13-B9ED-5B2B30940928}.Debug|Any CPU.Build.0 = Debug|Any CPU
		{375AF789-A576-4A13-B9ED-5B2B30940928}.Release|Any CPU.ActiveCfg = Release|Any CPU
		{375AF789-A576-4A13-B9ED-5B2B30940928}.Release|Any CPU.Build.0 = Release|Any CPU
		{B21A5ADB-C472-4ED7-B80B-A84D4F2A8E7B}.Debug|Any CPU.ActiveCfg = Debug|Any CPU
		{B21A5ADB-C472-4ED7-B80B-A84D4F2A8E7B}.Debug|Any CPU.Build.0 = Debug|Any CPU
		{B21A5ADB-C472-4ED7-B80B-A84D4F2A8E7B}.Release|Any CPU.ActiveCfg = Release|Any CPU
		{B21A5ADB-C472-4ED7-B80B-A84D4F2A8E7B}.Release|Any CPU.Build.0 = Release|Any CPU
		{80EC80A0-6F6C-4514-96E8-CDB31F32B81D}.Debug|Any CPU.ActiveCfg = Debug|Any CPU
		{80EC80A0-6F6C-4514-96E8-CDB31F32B81D}.Debug|Any CPU.Build.0 = Debug|Any CPU
		{80EC80A0-6F6C-4514-96E8-CDB31F32B81D}.Release|Any CPU.ActiveCfg = Release|Any CPU
		{80EC80A0-6F6C-4514-96E8-CDB31F32B81D}.Release|Any CPU.Build.0 = Release|Any CPU
	EndGlobalSection
	GlobalSection(SolutionProperties) = preSolution
		HideSolutionNode = FALSE
	EndGlobalSection
	GlobalSection(ExtensibilityGlobals) = postSolution
		SolutionGuid = {81DB523C-CE66-4DFD-A924-987EB8D43334}
	EndGlobalSection
EndGlobal
